DEPENDENCIES
  awesome_customers
    path: .
    metadata: true

GRAPH
  apt (2.7.0)
  awesome_customers (0.2.2)
    apt (~> 2.7.0)
    database (~> 4.0.8)
    httpd (~> 0.2.18)
    mysql (~> 6.0.17)
    mysql2_chef_gem (~> 1.0.1)
  build-essential (2.2.3)
  chef-sugar (3.1.1)
  database (4.0.8)
    postgresql (>= 1.0.0)
  httpd (0.2.18)
  mariadb (0.3.1)
    apt (>= 0.0.0)
    yum (>= 0.0.0)
    yum-epel (>= 0.0.0)
  mysql (6.0.31)
    smf (>= 0.0.0)
    yum-mysql-community (>= 0.0.0)
  mysql2_chef_gem (1.0.2)
    build-essential (>= 0.0.0)
    mariadb (>= 0.0.0)
    mysql (~> 6.0)
  openssl (4.3.2)
    chef-sugar (>= 3.1.1)
  postgresql (3.4.16)
    apt (>= 1.9.0)
    build-essential (>= 0.0.0)
    openssl (>= 0.0.0)
  rbac (1.0.3)
  smf (2.2.7)
    rbac (>= 1.0.1)
  yum (3.6.3)
  yum-epel (0.6.2)
    yum (~> 3.2)
  yum-mysql-community (0.1.17)
    yum (>= 3.0)
